
Microsoft Visual Studio Solution File, Format Version 12.00
# Visual Studio Version 16
VisualStudioVersion = 16.0.31911.196
MinimumVisualStudioVersion = 10.0.40219.1
Project("{FAE04EC0-301F-11D3-BF4B-00C04F79EFBC}") = "KOHL_Aurelien_TP6_ST2TRD", "KOHL_Aurelien_TP6_ST2TRD\KOHL_Aurelien_TP6_ST2TRD.csproj", "{4FC20ED4-EF4B-4933-A102-6E928D7A1A77}"
EndProject
Global
	GlobalSection(SolutionConfigurationPlatforms) = preSolution
		Debug|Any CPU = Debug|Any CPU
		Release|Any CPU = Release|Any CPU
	EndGlobalSection
	GlobalSection(ProjectConfigurationPlatforms) = postSolution
		{4FC20ED4-EF4B-4933-A102-6E928D7A1A77}.Debug|Any CPU.ActiveCfg = Debug|Any CPU
		{4FC20ED4-EF4B-4933-A102-6E928D7A1A77}.Debug|Any CPU.Build.0 = Debug|Any CPU
		{4FC20ED4-EF4B-4933-A102-6E928D7A1A77}.Release|Any CPU.ActiveCfg = Release|Any CPU
		{4FC20ED4-EF4B-4933-A102-6E928D7A1A77}.Release|Any CPU.Build.0 = Release|Any CPU
	EndGlobalSection
	GlobalSection(SolutionProperties) = preSolution
		HideSolutionNode = FALSE
	EndGlobalSection
	GlobalSection(ExtensibilityGlobals) = postSolution
		SolutionGuid = {00311750-B408-4AC1-932F-EECBB2B78845}
	EndGlobalSection
EndGlobal
